
Microsoft Visual Studio Solution File, Format Version 11.00
# Visual Studio 2010
Project("{FAE04EC0-301F-11D3-BF4B-00C04F79EFBC}") = "RatXLib", "RatXLib.csproj", "{F37FA4E8-1F80-47CA-A180-DE8837F5767B}"
EndProject
Project("{FAE04EC0-301F-11D3-BF4B-00C04F79EFBC}") = "Example", "..\Example\Example.csproj", "{31BA84F3-004B-48BA-B355-948603048A19}"
EndProject
Global
	GlobalSection(SolutionConfigurationPlatforms) = preSolution
		Debug|Any CPU = Debug|Any CPU
		Debug|Mixed Platforms = Debug|Mixed Platforms
		Debug|x86 = Debug|x86
		Release|Any CPU = Release|Any CPU
		Release|Mixed Platforms = Release|Mixed Platforms
		Release|x86 = Release|x86
	EndGlobalSection
	GlobalSection(ProjectConfigurationPlatforms) = postSolution
		{F37FA4E8-1F80-47CA-A180-DE8837F5767B}.Debug|Any CPU.ActiveCfg = Debug|Any CPU
		{F37FA4E8-1F80-47CA-A180-DE8837F5767B}.Debug|Any CPU.Build.0 = Debug|Any CPU
		{F37FA4E8-1F80-47CA-A180-DE8837F5767B}.Debug|Mixed Platforms.ActiveCfg = Debug|Any CPU
		{F37FA4E8-1F80-47CA-A180-DE8837F5767B}.Debug|Mixed Platforms.Build.0 = Debug|Any CPU
		{F37FA4E8-1F80-47CA-A180-DE8837F5767B}.Debug|x86.ActiveCfg = Debug|Any CPU
		{F37FA4E8-1F80-47CA-A180-DE8837F5767B}.Release|Any CPU.ActiveCfg = Release|Any CPU
		{F37FA4E8-1F80-47CA-A180-DE8837F5767B}.Release|Any CPU.Build.0 = Release|Any CPU
		{F37FA4E8-1F80-47CA-A180-DE8837F5767B}.Release|Mixed Platforms.ActiveCfg = Release|Any CPU
		{F37FA4E8-1F80-47CA-A180-DE8837F5767B}.Release|Mixed Platforms.Build.0 = Release|Any CPU
		{F37FA4E8-1F80-47CA-A180-DE8837F5767B}.Release|x86.ActiveCfg = Release|Any CPU
		{31BA84F3-004B-48BA-B355-948603048A19}.Debug|Any CPU.ActiveCfg = Debug|x86
		{31BA84F3-004B-48BA-B355-948603048A19}.Debug|Mixed Platforms.ActiveCfg = Debug|x86
		{31BA84F3-004B-48BA-B355-948603048A19}.Debug|Mixed Platforms.Build.0 = Debug|x86
		{31BA84F3-004B-48BA-B355-948603048A19}.Debug|x86.ActiveCfg = Debug|x86
		{31BA84F3-004B-48BA-B355-948603048A19}.Debug|x86.Build.0 = Debug|x86
		{31BA84F3-004B-48BA-B355-948603048A19}.Release|Any CPU.ActiveCfg = Release|x86
		{31BA84F3-004B-48BA-B355-948603048A19}.Release|Mixed Platforms.ActiveCfg = Release|x86
		{31BA84F3-004B-48BA-B355-948603048A19}.Release|Mixed Platforms.Build.0 = Release|x86
		{31BA84F3-004B-48BA-B355-948603048A19}.Release|x86.ActiveCfg = Release|x86
		{31BA84F3-004B-48BA-B355-948603048A19}.Release|x86.Build.0 = Release|x86
	EndGlobalSection
	GlobalSection(SolutionProperties) = preSolution
		HideSolutionNode = FALSE
	EndGlobalSection
EndGlobal
